
Microsoft Visual Studio Solution File, Format Version 12.00
# Visual Studio Version 17
VisualStudioVersion = 17.0.31903.59
MinimumVisualStudioVersion = 10.0.40219.1
Project("{2150E333-8FDC-42A3-9474-1A3956D46DE8}") = "src", "src", "{827E0CD3-B72D-47B6-A68D-7590B98EB39B}"
EndProject
Project("{2150E333-8FDC-42A3-9474-1A3956D46DE8}") = "BuildingBlocks", "BuildingBlocks", "{90298CBA-BD6F-3A0A-69D5-97CAD7B05E7E}"
EndProject
Project("{FAE04EC0-301F-11D3-BF4B-00C04F79EFBC}") = "BuildingBlocks", "src\BuildingBlocks\BuildingBlocks\BuildingBlocks.csproj", "{3DA4C97A-71C9-4D40-A450-777FA028F4DC}"
EndProject
Project("{2150E333-8FDC-42A3-9474-1A3956D46DE8}") = "ApiGateway", "ApiGateway", "{FCA01246-F2C6-0AA7-D43F-FD13BE0B9D88}"
EndProject
Project("{FAE04EC0-301F-11D3-BF4B-00C04F79EFBC}") = "ApiGateway", "src\ApiGateway\ApiGateway\ApiGateway.csproj", "{E86F63B5-9F62-4BCD-880A-2AA1FD775EF6}"
EndProject
Project("{2150E333-8FDC-42A3-9474-1A3956D46DE8}") = "Services", "Services", "{984BB9B3-3FA3-BE33-9484-CAC21695A33C}"
EndProject
Project("{2150E333-8FDC-42A3-9474-1A3956D46DE8}") = "AuthService", "AuthService", "{B0ED8887-1092-5A1A-EC04-2B6B0F6E9C33}"
EndProject
Project("{FAE04EC0-301F-11D3-BF4B-00C04F79EFBC}") = "AuthService.API", "src\Services\AuthService\AuthService.API\AuthService.API.csproj", "{93DDE5DE-1391-46DD-86DD-7198F19603C0}"
EndProject
Project("{FAE04EC0-301F-11D3-BF4B-00C04F79EFBC}") = "AuthService.Core", "src\Services\AuthService\AuthService.Core\AuthService.Core.csproj", "{064AC0EE-45FC-48CB-B8F2-072AF4BAAACF}"
EndProject
Project("{FAE04EC0-301F-11D3-BF4B-00C04F79EFBC}") = "AuthService.Infrastructure", "src\Services\AuthService\AuthService.Infrastructure\AuthService.Infrastructure.csproj", "{EB7502FE-F212-47A3-A579-C64B19619FCF}"
EndProject
Project("{2150E333-8FDC-42A3-9474-1A3956D46DE8}") = "UserService", "UserService", "{A52FF9A7-1006-A729-7F26-021652E10080}"
EndProject
Project("{FAE04EC0-301F-11D3-BF4B-00C04F79EFBC}") = "UserService.API", "src\Services\UserService\UserService.API\UserService.API.csproj", "{63E41C47-A552-472A-BC61-7752322BA39C}"
EndProject
Project("{FAE04EC0-301F-11D3-BF4B-00C04F79EFBC}") = "UserService.Core", "src\Services\UserService\UserService.Core\UserService.Core.csproj", "{9153B846-2272-4D73-A8F0-687FF4FA3DE9}"
EndProject
Project("{FAE04EC0-301F-11D3-BF4B-00C04F79EFBC}") = "UserService.Infrastructure", "src\Services\UserService\UserService.Infrastructure\UserService.Infrastructure.csproj", "{12C0AC01-482B-4D39-A92C-EFEAAA542609}"
EndProject
Project("{2150E333-8FDC-42A3-9474-1A3956D46DE8}") = "QuantityService", "QuantityService", "{5D1ABC87-FDA0-9AB3-335F-47F848B73928}"
EndProject
Project("{FAE04EC0-301F-11D3-BF4B-00C04F79EFBC}") = "QuantityService.API", "src\Services\QuantityService\QuantityService.API\QuantityService.API.csproj", "{79CACF4E-ABD6-4075-A8EC-9CCA6A6AB007}"
EndProject
Project("{FAE04EC0-301F-11D3-BF4B-00C04F79EFBC}") = "QuantityService.Core", "src\Services\QuantityService\QuantityService.Core\QuantityService.Core.csproj", "{E34643AE-2405-4B88-A48D-C1DCA1EE1E1C}"
EndProject
Project("{FAE04EC0-301F-11D3-BF4B-00C04F79EFBC}") = "QuantityService.Infrastructure", "src\Services\QuantityService\QuantityService.Infrastructure\QuantityService.Infrastructure.csproj", "{C0EA52BE-AE84-4E4D-AAFE-D9D3D8F7FD6D}"
EndProject
Project("{2150E333-8FDC-42A3-9474-1A3956D46DE8}") = "HistoryService", "HistoryService", "{4E5648FE-7B5E-043A-5C93-B572135A4B6D}"
EndProject
Project("{FAE04EC0-301F-11D3-BF4B-00C04F79EFBC}") = "HistoryService.API", "src\Services\HistoryService\HistoryService.API\HistoryService.API.csproj", "{D4010602-D356-4A87-B5B0-764C71B22A58}"
EndProject
Project("{FAE04EC0-301F-11D3-BF4B-00C04F79EFBC}") = "HistoryService.Core", "src\Services\HistoryService\HistoryService.Core\HistoryService.Core.csproj", "{083A7EE7-0AC1-4304-B85E-C7286556BBAA}"
EndProject
Project("{FAE04EC0-301F-11D3-BF4B-00C04F79EFBC}") = "HistoryService.Infrastructure", "src\Services\HistoryService\HistoryService.Infrastructure\HistoryService.Infrastructure.csproj", "{10954B9F-DF48-4414-A636-DC01DA38EE82}"
EndProject
Global
	GlobalSection(SolutionConfigurationPlatforms) = preSolution
		Debug|Any CPU = Debug|Any CPU
		Debug|x64 = Debug|x64
		Debug|x86 = Debug|x86
		Release|Any CPU = Release|Any CPU
		Release|x64 = Release|x64
		Release|x86 = Release|x86
	EndGlobalSection
	GlobalSection(ProjectConfigurationPlatforms) = postSolution
		{3DA4C97A-71C9-4D40-A450-777FA028F4DC}.Debug|Any CPU.ActiveCfg = Debug|Any CPU
		{3DA4C97A-71C9-4D40-A450-777FA028F4DC}.Debug|Any CPU.Build.0 = Debug|Any CPU
		{3DA4C97A-71C9-4D40-A450-777FA028F4DC}.Debug|x64.ActiveCfg = Debug|Any CPU
		{3DA4C97A-71C9-4D40-A450-777FA028F4DC}.Debug|x64.Build.0 = Debug|Any CPU
		{3DA4C97A-71C9-4D40-A450-777FA028F4DC}.Debug|x86.ActiveCfg = Debug|Any CPU
		{3DA4C97A-71C9-4D40-A450-777FA028F4DC}.Debug|x86.Build.0 = Debug|Any CPU
		{3DA4C97A-71C9-4D40-A450-777FA028F4DC}.Release|Any CPU.ActiveCfg = Release|Any CPU
		{3DA4C97A-71C9-4D40-A450-777FA028F4DC}.Release|Any CPU.Build.0 = Release|Any CPU
		{3DA4C97A-71C9-4D40-A450-777FA028F4DC}.Release|x64.ActiveCfg = Release|Any CPU
		{3DA4C97A-71C9-4D40-A450-777FA028F4DC}.Release|x64.Build.0 = Release|Any CPU
		{3DA4C97A-71C9-4D40-A450-777FA028F4DC}.Release|x86.ActiveCfg = Release|Any CPU
		{3DA4C97A-71C9-4D40-A450-777FA028F4DC}.Release|x86.Build.0 = Release|Any CPU
		{E86F63B5-9F62-4BCD-880A-2AA1FD775EF6}.Debug|Any CPU.ActiveCfg = Debug|Any CPU
		{E86F63B5-9F62-4BCD-880A-2AA1FD775EF6}.Debug|Any CPU.Build.0 = Debug|Any CPU
		{E86F63B5-9F62-4BCD-880A-2AA1FD775EF6}.Debug|x64.ActiveCfg = Debug|Any CPU
		{E86F63B5-9F62-4BCD-880A-2AA1FD775EF6}.Debug|x64.Build.0 = Debug|Any CPU
		{E86F63B5-9F62-4BCD-880A-2AA1FD775EF6}.Debug|x86.ActiveCfg = Debug|Any CPU
		{E86F63B5-9F62-4BCD-880A-2AA1FD775EF6}.Debug|x86.Build.0 = Debug|Any CPU
		{E86F63B5-9F62-4BCD-880A-2AA1FD775EF6}.Release|Any CPU.ActiveCfg = Release|Any CPU
		{E86F63B5-9F62-4BCD-880A-2AA1FD775EF6}.Release|Any CPU.Build.0 = Release|Any CPU
		{E86F63B5-9F62-4BCD-880A-2AA1FD775EF6}.Release|x64.ActiveCfg = Release|Any CPU
		{E86F63B5-9F62-4BCD-880A-2AA1FD775EF6}.Release|x64.Build.0 = Release|Any CPU
		{E86F63B5-9F62-4BCD-880A-2AA1FD775EF6}.Release|x86.ActiveCfg = Release|Any CPU
		{E86F63B5-9F62-4BCD-880A-2AA1FD775EF6}.Release|x86.Build.0 = Release|Any CPU
		{93DDE5DE-1391-46DD-86DD-7198F19603C0}.Debug|Any CPU.ActiveCfg = Debug|Any CPU
		{93DDE5DE-1391-46DD-86DD-7198F19603C0}.Debug|Any CPU.Build.0 = Debug|Any CPU
		{93DDE5DE-1391-46DD-86DD-7198F19603C0}.Debug|x64.ActiveCfg = Debug|Any CPU
		{93DDE5DE-1391-46DD-86DD-7198F19603C0}.Debug|x64.Build.0 = Debug|Any CPU
		{93DDE5DE-1391-46DD-86DD-7198F19603C0}.Debug|x86.ActiveCfg = Debug|Any CPU
		{93DDE5DE-1391-46DD-86DD-7198F19603C0}.Debug|x86.Build.0 = Debug|Any CPU
		{93DDE5DE-1391-46DD-86DD-7198F19603C0}.Release|Any CPU.ActiveCfg = Release|Any CPU
		{93DDE5DE-1391-46DD-86DD-7198F19603C0}.Release|Any CPU.Build.0 = Release|Any CPU
		{93DDE5DE-1391-46DD-86DD-7198F19603C0}.Release|x64.ActiveCfg = Release|Any CPU
		{93DDE5DE-1391-46DD-86DD-7198F19603C0}.Release|x64.Build.0 = Release|Any CPU
		{93DDE5DE-1391-46DD-86DD-7198F19603C0}.Release|x86.ActiveCfg = Release|Any CPU
		{93DDE5DE-1391-46DD-86DD-7198F19603C0}.Release|x86.Build.0 = Release|Any CPU
		{064AC0EE-45FC-48CB-B8F2-072AF4BAAACF}.Debug|Any CPU.ActiveCfg = Debug|Any CPU
		{064AC0EE-45FC-48CB-B8F2-072AF4BAAACF}.Debug|Any CPU.Build.0 = Debug|Any CPU
		{064AC0EE-45FC-48CB-B8F2-072AF4BAAACF}.Debug|x64.ActiveCfg = Debug|Any CPU
		{064AC0EE-45FC-48CB-B8F2-072AF4BAAACF}.Debug|x64.Build.0 = Debug|Any CPU
		{064AC0EE-45FC-48CB-B8F2-072AF4BAAACF}.Debug|x86.ActiveCfg = Debug|Any CPU
		{064AC0EE-45FC-48CB-B8F2-072AF4BAAACF}.Debug|x86.Build.0 = Debug|Any CPU
		{064AC0EE-45FC-48CB-B8F2-072AF4BAAACF}.Release|Any CPU.ActiveCfg = Release|Any CPU
		{064AC0EE-45FC-48CB-B8F2-072AF4BAAACF}.Release|Any CPU.Build.0 = Release|Any CPU
		{064AC0EE-45FC-48CB-B8F2-072AF4BAAACF}.Release|x64.ActiveCfg = Release|Any CPU
		{064AC0EE-45FC-48CB-B8F2-072AF4BAAACF}.Release|x64.Build.0 = Release|Any CPU
		{064AC0EE-45FC-48CB-B8F2-072AF4BAAACF}.Release|x86.ActiveCfg = Release|Any CPU
		{064AC0EE-45FC-48CB-B8F2-072AF4BAAACF}.Release|x86.Build.0 = Release|Any CPU
		{EB7502FE-F212-47A3-A579-C64B19619FCF}.Debug|Any CPU.ActiveCfg = Debug|Any CPU
		{EB7502FE-F212-47A3-A579-C64B19619FCF}.Debug|Any CPU.Build.0 = Debug|Any CPU
		{EB7502FE-F212-47A3-A579-C64B19619FCF}.Debug|x64.ActiveCfg = Debug|Any CPU
		{EB7502FE-F212-47A3-A579-C64B19619FCF}.Debug|x64.Build.0 = Debug|Any CPU
		{EB7502FE-F212-47A3-A579-C64B19619FCF}.Debug|x86.ActiveCfg = Debug|Any CPU
		{EB7502FE-F212-47A3-A579-C64B19619FCF}.Debug|x86.Build.0 = Debug|Any CPU
		{EB7502FE-F212-47A3-A579-C64B19619FCF}.Release|Any CPU.ActiveCfg = Release|Any CPU
		{EB7502FE-F212-47A3-A579-C64B19619FCF}.Release|Any CPU.Build.0 = Release|Any CPU
		{EB7502FE-F212-47A3-A579-C64B19619FCF}.Release|x64.ActiveCfg = Release|Any CPU
		{EB7502FE-F212-47A3-A579-C64B19619FCF}.Release|x64.Build.0 = Release|Any CPU
		{EB7502FE-F212-47A3-A579-C64B19619FCF}.Release|x86.ActiveCfg = Release|Any CPU
		{EB7502FE-F212-47A3-A579-C64B19619FCF}.Release|x86.Build.0 = Release|Any CPU
		{63E41C47-A552-472A-BC61-7752322BA39C}.Debug|Any CPU.ActiveCfg = Debug|Any CPU
		{63E41C47-A552-472A-BC61-7752322BA39C}.Debug|Any CPU.Build.0 = Debug|Any CPU
		{63E41C47-A552-472A-BC61-7752322BA39C}.Debug|x64.ActiveCfg = Debug|Any CPU
		{63E41C47-A552-472A-BC61-7752322BA39C}.Debug|x64.Build.0 = Debug|Any CPU
		{63E41C47-A552-472A-BC61-7752322BA39C}.Debug|x86.ActiveCfg = Debug|Any CPU
		{63E41C47-A552-472A-BC61-7752322BA39C}.Debug|x86.Build.0 = Debug|Any CPU
		{63E41C47-A552-472A-BC61-7752322BA39C}.Release|Any CPU.ActiveCfg = Release|Any CPU
		{63E41C47-A552-472A-BC61-7752322BA39C}.Release|Any CPU.Build.0 = Release|Any CPU
		{63E41C47-A552-472A-BC61-7752322BA39C}.Release|x64.ActiveCfg = Release|Any CPU
		{63E41C47-A552-472A-BC61-7752322BA39C}.Release|x64.Build.0 = Release|Any CPU
		{63E41C47-A552-472A-BC61-7752322BA39C}.Release|x86.ActiveCfg = Release|Any CPU
		{63E41C47-A552-472A-BC61-7752322BA39C}.Release|x86.Build.0 = Release|Any CPU
		{9153B846-2272-4D73-A8F0-687FF4FA3DE9}.Debug|Any CPU.ActiveCfg = Debug|Any CPU
		{9153B846-2272-4D73-A8F0-687FF4FA3DE9}.Debug|Any CPU.Build.0 = Debug|Any CPU
		{9153B846-2272-4D73-A8F0-687FF4FA3DE9}.Debug|x64.ActiveCfg = Debug|Any CPU
		{9153B846-2272-4D73-A8F0-687FF4FA3DE9}.Debug|x64.Build.0 = Debug|Any CPU
		{9153B846-2272-4D73-A8F0-687FF4FA3DE9}.Debug|x86.ActiveCfg = Debug|Any CPU
		{9153B846-2272-4D73-A8F0-687FF4FA3DE9}.Debug|x86.Build.0 = Debug|Any CPU
		{9153B846-2272-4D73-A8F0-687FF4FA3DE9}.Release|Any CPU.ActiveCfg = Release|Any CPU
		{9153B846-2272-4D73-A8F0-687FF4FA3DE9}.Release|Any CPU.Build.0 = Release|Any CPU
		{9153B846-2272-4D73-A8F0-687FF4FA3DE9}.Release|x64.ActiveCfg = Release|Any CPU
		{9153B846-2272-4D73-A8F0-687FF4FA3DE9}.Release|x64.Build.0 = Release|Any CPU
		{9153B846-2272-4D73-A8F0-687FF4FA3DE9}.Release|x86.ActiveCfg = Release|Any CPU
		{9153B846-2272-4D73-A8F0-687FF4FA3DE9}.Release|x86.Build.0 = Release|Any CPU
		{12C0AC01-482B-4D39-A92C-EFEAAA542609}.Debug|Any CPU.ActiveCfg = Debug|Any CPU
		{12C0AC01-482B-4D39-A92C-EFEAAA542609}.Debug|Any CPU.Build.0 = Debug|Any CPU
		{12C0AC01-482B-4D39-A92C-EFEAAA542609}.Debug|x64.ActiveCfg = Debug|Any CPU
		{12C0AC01-482B-4D39-A92C-EFEAAA542609}.Debug|x64.Build.0 = Debug|Any CPU
		{12C0AC01-482B-4D39-A92C-EFEAAA542609}.Debug|x86.ActiveCfg = Debug|Any CPU
		{12C0AC01-482B-4D39-A92C-EFEAAA542609}.Debug|x86.Build.0 = Debug|Any CPU
		{12C0AC01-482B-4D39-A92C-EFEAAA542609}.Release|Any CPU.ActiveCfg = Release|Any CPU
		{12C0AC01-482B-4D39-A92C-EFEAAA542609}.Release|Any CPU.Build.0 = Release|Any CPU
		{12C0AC01-482B-4D39-A92C-EFEAAA542609}.Release|x64.ActiveCfg = Release|Any CPU
		{12C0AC01-482B-4D39-A92C-EFEAAA542609}.Release|x64.Build.0 = Release|Any CPU
		{12C0AC01-482B-4D39-A92C-EFEAAA542609}.Release|x86.ActiveCfg = Release|Any CPU
		{12C0AC01-482B-4D39-A92C-EFEAAA542609}.Release|x86.Build.0 = Release|Any CPU
		{79CACF4E-ABD6-4075-A8EC-9CCA6A6AB007}.Debug|Any CPU.ActiveCfg = Debug|Any CPU
		{79CACF4E-ABD6-4075-A8EC-9CCA6A6AB007}.Debug|Any CPU.Build.0 = Debug|Any CPU
		{79CACF4E-ABD6-4075-A8EC-9CCA6A6AB007}.Debug|x64.ActiveCfg = Debug|Any CPU
		{79CACF4E-ABD6-4075-A8EC-9CCA6A6AB007}.Debug|x64.Build.0 = Debug|Any CPU
		{79CACF4E-ABD6-4075-A8EC-9CCA6A6AB007}.Debug|x86.ActiveCfg = Debug|Any CPU
		{79CACF4E-ABD6-4075-A8EC-9CCA6A6AB007}.Debug|x86.Build.0 = Debug|Any CPU
		{79CACF4E-ABD6-4075-A8EC-9CCA6A6AB007}.Release|Any CPU.ActiveCfg = Release|Any CPU
		{79CACF4E-ABD6-4075-A8EC-9CCA6A6AB007}.Release|Any CPU.Build.0 = Release|Any CPU
		{79CACF4E-ABD6-4075-A8EC-9CCA6A6AB007}.Release|x64.ActiveCfg = Release|Any CPU
		{79CACF4E-ABD6-4075-A8EC-9CCA6A6AB007}.Release|x64.Build.0 = Release|Any CPU
		{79CACF4E-ABD6-4075-A8EC-9CCA6A6AB007}.Release|x86.ActiveCfg = Release|Any CPU
		{79CACF4E-ABD6-4075-A8EC-9CCA6A6AB007}.Release|x86.Build.0 = Release|Any CPU
		{E34643AE-2405-4B88-A48D-C1DCA1EE1E1C}.Debug|Any CPU.ActiveCfg = Debug|Any CPU
		{E34643AE-2405-4B88-A48D-C1DCA1EE1E1C}.Debug|Any CPU.Build.0 = Debug|Any CPU
		{E34643AE-2405-4B88-A48D-C1DCA1EE1E1C}.Debug|x64.ActiveCfg = Debug|Any CPU
		{E34643AE-2405-4B88-A48D-C1DCA1EE1E1C}.Debug|x64.Build.0 = Debug|Any CPU
		{E34643AE-2405-4B88-A48D-C1DCA1EE1E1C}.Debug|x86.ActiveCfg = Debug|Any CPU
		{E34643AE-2405-4B88-A48D-C1DCA1EE1E1C}.Debug|x86.Build.0 = Debug|Any CPU
		{E34643AE-2405-4B88-A48D-C1DCA1EE1E1C}.Release|Any CPU.ActiveCfg = Release|Any CPU
		{E34643AE-2405-4B88-A48D-C1DCA1EE1E1C}.Release|Any CPU.Build.0 = Release|Any CPU
		{E34643AE-2405-4B88-A48D-C1DCA1EE1E1C}.Release|x64.ActiveCfg = Release|Any CPU
		{E34643AE-2405-4B88-A48D-C1DCA1EE1E1C}.Release|x64.Build.0 = Release|Any CPU
		{E34643AE-2405-4B88-A48D-C1DCA1EE1E1C}.Release|x86.ActiveCfg = Release|Any CPU
		{E34643AE-2405-4B88-A48D-C1DCA1EE1E1C}.Release|x86.Build.0 = Release|Any CPU
		{C0EA52BE-AE84-4E4D-AAFE-D9D3D8F7FD6D}.Debug|Any CPU.ActiveCfg = Debug|Any CPU
		{C0EA52BE-AE84-4E4D-AAFE-D9D3D8F7FD6D}.Debug|Any CPU.Build.0 = Debug|Any CPU
		{C0EA52BE-AE84-4E4D-AAFE-D9D3D8F7FD6D}.Debug|x64.ActiveCfg = Debug|Any CPU
		{C0EA52BE-AE84-4E4D-AAFE-D9D3D8F7FD6D}.Debug|x64.Build.0 = Debug|Any CPU
		{C0EA52BE-AE84-4E4D-AAFE-D9D3D8F7FD6D}.Debug|x86.ActiveCfg = Debug|Any CPU
		{C0EA52BE-AE84-4E4D-AAFE-D9D3D8F7FD6D}.Debug|x86.Build.0 = Debug|Any CPU
		{C0EA52BE-AE84-4E4D-AAFE-D9D3D8F7FD6D}.Release|Any CPU.ActiveCfg = Release|Any CPU
		{C0EA52BE-AE84-4E4D-AAFE-D9D3D8F7FD6D}.Release|Any CPU.Build.0 = Release|Any CPU
		{C0EA52BE-AE84-4E4D-AAFE-D9D3D8F7FD6D}.Release|x64.ActiveCfg = Release|Any CPU
		{C0EA52BE-AE84-4E4D-AAFE-D9D3D8F7FD6D}.Release|x64.Build.0 = Release|Any CPU
		{C0EA52BE-AE84-4E4D-AAFE-D9D3D8F7FD6D}.Release|x86.ActiveCfg = Release|Any CPU
		{C0EA52BE-AE84-4E4D-AAFE-D9D3D8F7FD6D}.Release|x86.Build.0 = Release|Any CPU
		{D4010602-D356-4A87-B5B0-764C71B22A58}.Debug|Any CPU.ActiveCfg = Debug|Any CPU
		{D4010602-D356-4A87-B5B0-764C71B22A58}.Debug|Any CPU.Build.0 = Debug|Any CPU
		{D4010602-D356-4A87-B5B0-764C71B22A58}.Debug|x64.ActiveCfg = Debug|Any CPU
		{D4010602-D356-4A87-B5B0-764C71B22A58}.Debug|x64.Build.0 = Debug|Any CPU
		{D4010602-D356-4A87-B5B0-764C71B22A58}.Debug|x86.ActiveCfg = Debug|Any CPU
		{D4010602-D356-4A87-B5B0-764C71B22A58}.Debug|x86.Build.0 = Debug|Any CPU
		{D4010602-D356-4A87-B5B0-764C71B22A58}.Release|Any CPU.ActiveCfg = Release|Any CPU
		{D4010602-D356-4A87-B5B0-764C71B22A58}.Release|Any CPU.Build.0 = Release|Any CPU
		{D4010602-D356-4A87-B5B0-764C71B22A58}.Release|x64.ActiveCfg = Release|Any CPU
		{D4010602-D356-4A87-B5B0-764C71B22A58}.Release|x64.Build.0 = Release|Any CPU
		{D4010602-D356-4A87-B5B0-764C71B22A58}.Release|x86.ActiveCfg = Release|Any CPU
		{D4010602-D356-4A87-B5B0-764C71B22A58}.Release|x86.Build.0 = Release|Any CPU
		{083A7EE7-0AC1-4304-B85E-C7286556BBAA}.Debug|Any CPU.ActiveCfg = Debug|Any CPU
		{083A7EE7-0AC1-4304-B85E-C7286556BBAA}.Debug|Any CPU.Build.0 = Debug|Any CPU
		{083A7EE7-0AC1-4304-B85E-C7286556BBAA}.Debug|x64.ActiveCfg = Debug|Any CPU
		{083A7EE7-0AC1-4304-B85E-C7286556BBAA}.Debug|x64.Build.0 = Debug|Any CPU
		{083A7EE7-0AC1-4304-B85E-C7286556BBAA}.Debug|x86.ActiveCfg = Debug|Any CPU
		{083A7EE7-0AC1-4304-B85E-C7286556BBAA}.Debug|x86.Build.0 = Debug|Any CPU
		{083A7EE7-0AC1-4304-B85E-C7286556BBAA}.Release|Any CPU.ActiveCfg = Release|Any CPU
		{083A7EE7-0AC1-4304-B85E-C7286556BBAA}.Release|Any CPU.Build.0 = Release|Any CPU
		{083A7EE7-0AC1-4304-B85E-C7286556BBAA}.Release|x64.ActiveCfg = Release|Any CPU
		{083A7EE7-0AC1-4304-B85E-C7286556BBAA}.Release|x64.Build.0 = Release|Any CPU
		{083A7EE7-0AC1-4304-B85E-C7286556BBAA}.Release|x86.ActiveCfg = Release|Any CPU
		{083A7EE7-0AC1-4304-B85E-C7286556BBAA}.Release|x86.Build.0 = Release|Any CPU
		{10954B9F-DF48-4414-A636-DC01DA38EE82}.Debug|Any CPU.ActiveCfg = Debug|Any CPU
		{10954B9F-DF48-4414-A636-DC01DA38EE82}.Debug|Any CPU.Build.0 = Debug|Any CPU
		{10954B9F-DF48-4414-A636-DC01DA38EE82}.Debug|x64.ActiveCfg = Debug|Any CPU
		{10954B9F-DF48-4414-A636-DC01DA38EE82}.Debug|x64.Build.0 = Debug|Any CPU
		{10954B9F-DF48-4414-A636-DC01DA38EE82}.Debug|x86.ActiveCfg = Debug|Any CPU
		{10954B9F-DF48-4414-A636-DC01DA38EE82}.Debug|x86.Build.0 = Debug|Any CPU
		{10954B9F-DF48-4414-A636-DC01DA38EE82}.Release|Any CPU.ActiveCfg = Release|Any CPU
		{10954B9F-DF48-4414-A636-DC01DA38EE82}.Release|Any CPU.Build.0 = Release|Any CPU
		{10954B9F-DF48-4414-A636-DC01DA38EE82}.Release|x64.ActiveCfg = Release|Any CPU
		{10954B9F-DF48-4414-A636-DC01DA38EE82}.Release|x64.Build.0 = Release|Any CPU
		{10954B9F-DF48-4414-A636-DC01DA38EE82}.Release|x86.ActiveCfg = Release|Any CPU
		{10954B9F-DF48-4414-A636-DC01DA38EE82}.Release|x86.Build.0 = Release|Any CPU
	EndGlobalSection
	GlobalSection(SolutionProperties) = preSolution
		HideSolutionNode = FALSE
	EndGlobalSection
	GlobalSection(NestedProjects) = preSolution
		{90298CBA-BD6F-3A0A-69D5-97CAD7B05E7E} = {827E0CD3-B72D-47B6-A68D-7590B98EB39B}
		{3DA4C97A-71C9-4D40-A450-777FA028F4DC} = {90298CBA-BD6F-3A0A-69D5-97CAD7B05E7E}
		{FCA01246-F2C6-0AA7-D43F-FD13BE0B9D88} = {827E0CD3-B72D-47B6-A68D-7590B98EB39B}
		{E86F63B5-9F62-4BCD-880A-2AA1FD775EF6} = {FCA01246-F2C6-0AA7-D43F-FD13BE0B9D88}
		{984BB9B3-3FA3-BE33-9484-CAC21695A33C} = {827E0CD3-B72D-47B6-A68D-7590B98EB39B}
		{B0ED8887-1092-5A1A-EC04-2B6B0F6E9C33} = {984BB9B3-3FA3-BE33-9484-CAC21695A33C}
		{93DDE5DE-1391-46DD-86DD-7198F19603C0} = {B0ED8887-1092-5A1A-EC04-2B6B0F6E9C33}
		{064AC0EE-45FC-48CB-B8F2-072AF4BAAACF} = {B0ED8887-1092-5A1A-EC04-2B6B0F6E9C33}
		{EB7502FE-F212-47A3-A579-C64B19619FCF} = {B0ED8887-1092-5A1A-EC04-2B6B0F6E9C33}
		{A52FF9A7-1006-A729-7F26-021652E10080} = {984BB9B3-3FA3-BE33-9484-CAC21695A33C}
		{63E41C47-A552-472A-BC61-7752322BA39C} = {A52FF9A7-1006-A729-7F26-021652E10080}
		{9153B846-2272-4D73-A8F0-687FF4FA3DE9} = {A52FF9A7-1006-A729-7F26-021652E10080}
		{12C0AC01-482B-4D39-A92C-EFEAAA542609} = {A52FF9A7-1006-A729-7F26-021652E10080}
		{5D1ABC87-FDA0-9AB3-335F-47F848B73928} = {984BB9B3-3FA3-BE33-9484-CAC21695A33C}
		{79CACF4E-ABD6-4075-A8EC-9CCA6A6AB007} = {5D1ABC87-FDA0-9AB3-335F-47F848B73928}
		{E34643AE-2405-4B88-A48D-C1DCA1EE1E1C} = {5D1ABC87-FDA0-9AB3-335F-47F848B73928}
		{C0EA52BE-AE84-4E4D-AAFE-D9D3D8F7FD6D} = {5D1ABC87-FDA0-9AB3-335F-47F848B73928}
		{4E5648FE-7B5E-043A-5C93-B572135A4B6D} = {984BB9B3-3FA3-BE33-9484-CAC21695A33C}
		{D4010602-D356-4A87-B5B0-764C71B22A58} = {4E5648FE-7B5E-043A-5C93-B572135A4B6D}
		{083A7EE7-0AC1-4304-B85E-C7286556BBAA} = {4E5648FE-7B5E-043A-5C93-B572135A4B6D}
		{10954B9F-DF48-4414-A636-DC01DA38EE82} = {4E5648FE-7B5E-043A-5C93-B572135A4B6D}
	EndGlobalSection
EndGlobal
