
Microsoft Visual Studio Solution File, Format Version 12.00
# Visual Studio Version 17
VisualStudioVersion = 17.0.31903.59
MinimumVisualStudioVersion = 10.0.40219.1
Project("{FAE04EC0-301F-11D3-BF4B-00C04F79EFBC}") = "QuantityMeasurementApp", "QuantityMeasurementApp\QuantityMeasurementApp.csproj", "{7108F017-991B-4F7C-AAB3-560C4ED284FA}"
EndProject
Project("{FAE04EC0-301F-11D3-BF4B-00C04F79EFBC}") = "QuantityMeasurementApp.Tests", "QuantityMeasurementApp.Tests\QuantityMeasurementApp.Tests.csproj", "{3D9C18A0-5AE5-483C-95FE-4C5E46B3EAD2}"
EndProject
Global
	GlobalSection(SolutionConfigurationPlatforms) = preSolution
		Debug|Any CPU = Debug|Any CPU
		Debug|x64 = Debug|x64
		Debug|x86 = Debug|x86
		Release|Any CPU = Release|Any CPU
		Release|x64 = Release|x64
		Release|x86 = Release|x86
	EndGlobalSection
	GlobalSection(ProjectConfigurationPlatforms) = postSolution
		{7108F017-991B-4F7C-AAB3-560C4ED284FA}.Debug|Any CPU.ActiveCfg = Debug|Any CPU
		{7108F017-991B-4F7C-AAB3-560C4ED284FA}.Debug|Any CPU.Build.0 = Debug|Any CPU
		{7108F017-991B-4F7C-AAB3-560C4ED284FA}.Debug|x64.ActiveCfg = Debug|Any CPU
		{7108F017-991B-4F7C-AAB3-560C4ED284FA}.Debug|x64.Build.0 = Debug|Any CPU
		{7108F017-991B-4F7C-AAB3-560C4ED284FA}.Debug|x86.ActiveCfg = Debug|Any CPU
		{7108F017-991B-4F7C-AAB3-560C4ED284FA}.Debug|x86.Build.0 = Debug|Any CPU
		{7108F017-991B-4F7C-AAB3-560C4ED284FA}.Release|Any CPU.ActiveCfg = Release|Any CPU
		{7108F017-991B-4F7C-AAB3-560C4ED284FA}.Release|Any CPU.Build.0 = Release|Any CPU
		{7108F017-991B-4F7C-AAB3-560C4ED284FA}.Release|x64.ActiveCfg = Release|Any CPU
		{7108F017-991B-4F7C-AAB3-560C4ED284FA}.Release|x64.Build.0 = Release|Any CPU
		{7108F017-991B-4F7C-AAB3-560C4ED284FA}.Release|x86.ActiveCfg = Release|Any CPU
		{7108F017-991B-4F7C-AAB3-560C4ED284FA}.Release|x86.Build.0 = Release|Any CPU
		{3D9C18A0-5AE5-483C-95FE-4C5E46B3EAD2}.Debug|Any CPU.ActiveCfg = Debug|Any CPU
		{3D9C18A0-5AE5-483C-95FE-4C5E46B3EAD2}.Debug|Any CPU.Build.0 = Debug|Any CPU
		{3D9C18A0-5AE5-483C-95FE-4C5E46B3EAD2}.Debug|x64.ActiveCfg = Debug|Any CPU
		{3D9C18A0-5AE5-483C-95FE-4C5E46B3EAD2}.Debug|x64.Build.0 = Debug|Any CPU
		{3D9C18A0-5AE5-483C-95FE-4C5E46B3EAD2}.Debug|x86.ActiveCfg = Debug|Any CPU
		{3D9C18A0-5AE5-483C-95FE-4C5E46B3EAD2}.Debug|x86.Build.0 = Debug|Any CPU
		{3D9C18A0-5AE5-483C-95FE-4C5E46B3EAD2}.Release|Any CPU.ActiveCfg = Release|Any CPU
		{3D9C18A0-5AE5-483C-95FE-4C5E46B3EAD2}.Release|Any CPU.Build.0 = Release|Any CPU
		{3D9C18A0-5AE5-483C-95FE-4C5E46B3EAD2}.Release|x64.ActiveCfg = Release|Any CPU
		{3D9C18A0-5AE5-483C-95FE-4C5E46B3EAD2}.Release|x64.Build.0 = Release|Any CPU
		{3D9C18A0-5AE5-483C-95FE-4C5E46B3EAD2}.Release|x86.ActiveCfg = Release|Any CPU
		{3D9C18A0-5AE5-483C-95FE-4C5E46B3EAD2}.Release|x86.Build.0 = Release|Any CPU
	EndGlobalSection
	GlobalSection(SolutionProperties) = preSolution
		HideSolutionNode = FALSE
	EndGlobalSection
EndGlobal
