
Microsoft Visual Studio Solution File, Format Version 12.00
# Visual Studio Version 17
VisualStudioVersion = 17.0.31903.59
MinimumVisualStudioVersion = 10.0.40219.1
Project("{FAE04EC0-301F-11D3-BF4B-00C04F79EFBC}") = "QuantityMeasurementApp", "QuantityMeasurementApp\QuantityMeasurementApp.csproj", "{865AB858-0970-4C06-8870-08CC749133E0}"
EndProject
Project("{FAE04EC0-301F-11D3-BF4B-00C04F79EFBC}") = "QuantityMeasurementApp.Tests", "QuantityMeasurementApp.Tests\QuantityMeasurementApp.Tests.csproj", "{CC36C91D-5DFC-4391-A23B-208241F3E14C}"
EndProject
Global
	GlobalSection(SolutionConfigurationPlatforms) = preSolution
		Debug|Any CPU = Debug|Any CPU
		Debug|x64 = Debug|x64
		Debug|x86 = Debug|x86
		Release|Any CPU = Release|Any CPU
		Release|x64 = Release|x64
		Release|x86 = Release|x86
	EndGlobalSection
	GlobalSection(ProjectConfigurationPlatforms) = postSolution
		{865AB858-0970-4C06-8870-08CC749133E0}.Debug|Any CPU.ActiveCfg = Debug|Any CPU
		{865AB858-0970-4C06-8870-08CC749133E0}.Debug|Any CPU.Build.0 = Debug|Any CPU
		{865AB858-0970-4C06-8870-08CC749133E0}.Debug|x64.ActiveCfg = Debug|Any CPU
		{865AB858-0970-4C06-8870-08CC749133E0}.Debug|x64.Build.0 = Debug|Any CPU
		{865AB858-0970-4C06-8870-08CC749133E0}.Debug|x86.ActiveCfg = Debug|Any CPU
		{865AB858-0970-4C06-8870-08CC749133E0}.Debug|x86.Build.0 = Debug|Any CPU
		{865AB858-0970-4C06-8870-08CC749133E0}.Release|Any CPU.ActiveCfg = Release|Any CPU
		{865AB858-0970-4C06-8870-08CC749133E0}.Release|Any CPU.Build.0 = Release|Any CPU
		{865AB858-0970-4C06-8870-08CC749133E0}.Release|x64.ActiveCfg = Release|Any CPU
		{865AB858-0970-4C06-8870-08CC749133E0}.Release|x64.Build.0 = Release|Any CPU
		{865AB858-0970-4C06-8870-08CC749133E0}.Release|x86.ActiveCfg = Release|Any CPU
		{865AB858-0970-4C06-8870-08CC749133E0}.Release|x86.Build.0 = Release|Any CPU
		{CC36C91D-5DFC-4391-A23B-208241F3E14C}.Debug|Any CPU.ActiveCfg = Debug|Any CPU
		{CC36C91D-5DFC-4391-A23B-208241F3E14C}.Debug|Any CPU.Build.0 = Debug|Any CPU
		{CC36C91D-5DFC-4391-A23B-208241F3E14C}.Debug|x64.ActiveCfg = Debug|Any CPU
		{CC36C91D-5DFC-4391-A23B-208241F3E14C}.Debug|x64.Build.0 = Debug|Any CPU
		{CC36C91D-5DFC-4391-A23B-208241F3E14C}.Debug|x86.ActiveCfg = Debug|Any CPU
		{CC36C91D-5DFC-4391-A23B-208241F3E14C}.Debug|x86.Build.0 = Debug|Any CPU
		{CC36C91D-5DFC-4391-A23B-208241F3E14C}.Release|Any CPU.ActiveCfg = Release|Any CPU
		{CC36C91D-5DFC-4391-A23B-208241F3E14C}.Release|Any CPU.Build.0 = Release|Any CPU
		{CC36C91D-5DFC-4391-A23B-208241F3E14C}.Release|x64.ActiveCfg = Release|Any CPU
		{CC36C91D-5DFC-4391-A23B-208241F3E14C}.Release|x64.Build.0 = Release|Any CPU
		{CC36C91D-5DFC-4391-A23B-208241F3E14C}.Release|x86.ActiveCfg = Release|Any CPU
		{CC36C91D-5DFC-4391-A23B-208241F3E14C}.Release|x86.Build.0 = Release|Any CPU
	EndGlobalSection
	GlobalSection(SolutionProperties) = preSolution
		HideSolutionNode = FALSE
	EndGlobalSection
EndGlobal
